
Microsoft Visual Studio Solution File, Format Version 12.00
Project("{FAE04EC0-301F-11D3-BF4B-00C04F79EFBC}") = "WhatToDo.WebApp", "WhatToDo.WebApp\WhatToDo.WebApp.csproj", "{35F3CAE9-FE6A-4B1F-9DA0-9CFC77BA6B2C}"
EndProject
Project("{FAE04EC0-301F-11D3-BF4B-00C04F79EFBC}") = "WhatToDo.Domain", "WhatToDo.Domain\WhatToDo.Domain.csproj", "{C55621F2-3F1B-411B-A19A-02731CB6027F}"
EndProject
Project("{FAE04EC0-301F-11D3-BF4B-00C04F79EFBC}") = "WhatToDo.Infrastructure", "WhatToDo.Infrastructure\WhatToDo.Infrastructure.csproj", "{89D187C8-CC63-404F-9645-72803E4B4614}"
EndProject
Project("{FAE04EC0-301F-11D3-BF4B-00C04F79EFBC}") = "WhatToDo.Application", "WhatToDo.Application\WhatToDo.Application.csproj", "{132A63FB-36AC-425F-A4F9-DC2FD8394138}"
EndProject
Global
	GlobalSection(SolutionConfigurationPlatforms) = preSolution
		Debug|Any CPU = Debug|Any CPU
		Release|Any CPU = Release|Any CPU
	EndGlobalSection
	GlobalSection(ProjectConfigurationPlatforms) = postSolution
		{35F3CAE9-FE6A-4B1F-9DA0-9CFC77BA6B2C}.Debug|Any CPU.ActiveCfg = Debug|Any CPU
		{35F3CAE9-FE6A-4B1F-9DA0-9CFC77BA6B2C}.Debug|Any CPU.Build.0 = Debug|Any CPU
		{35F3CAE9-FE6A-4B1F-9DA0-9CFC77BA6B2C}.Release|Any CPU.ActiveCfg = Release|Any CPU
		{35F3CAE9-FE6A-4B1F-9DA0-9CFC77BA6B2C}.Release|Any CPU.Build.0 = Release|Any CPU
		{C55621F2-3F1B-411B-A19A-02731CB6027F}.Debug|Any CPU.ActiveCfg = Debug|Any CPU
		{C55621F2-3F1B-411B-A19A-02731CB6027F}.Debug|Any CPU.Build.0 = Debug|Any CPU
		{C55621F2-3F1B-411B-A19A-02731CB6027F}.Release|Any CPU.ActiveCfg = Release|Any CPU
		{C55621F2-3F1B-411B-A19A-02731CB6027F}.Release|Any CPU.Build.0 = Release|Any CPU
		{89D187C8-CC63-404F-9645-72803E4B4614}.Debug|Any CPU.ActiveCfg = Debug|Any CPU
		{89D187C8-CC63-404F-9645-72803E4B4614}.Debug|Any CPU.Build.0 = Debug|Any CPU
		{89D187C8-CC63-404F-9645-72803E4B4614}.Release|Any CPU.ActiveCfg = Release|Any CPU
		{89D187C8-CC63-404F-9645-72803E4B4614}.Release|Any CPU.Build.0 = Release|Any CPU
		{132A63FB-36AC-425F-A4F9-DC2FD8394138}.Debug|Any CPU.ActiveCfg = Debug|Any CPU
		{132A63FB-36AC-425F-A4F9-DC2FD8394138}.Debug|Any CPU.Build.0 = Debug|Any CPU
		{132A63FB-36AC-425F-A4F9-DC2FD8394138}.Release|Any CPU.ActiveCfg = Release|Any CPU
		{132A63FB-36AC-425F-A4F9-DC2FD8394138}.Release|Any CPU.Build.0 = Release|Any CPU
	EndGlobalSection
EndGlobal
